
Microsoft Visual Studio Solution File, Format Version 12.00
# Visual Studio 15
Project("{FAE04EC0-301F-11D3-BF4B-00C04F79EFBC}") = "Assembly-CSharp", "Assembly-CSharp.csproj", "{883D3022-8AE9-A170-1BF5-C8503A7D5165}"
EndProject
Global
	GlobalSection(SolutionConfigurationPlatforms) = preSolution
		Debug|Any CPU = Debug|Any CPU
		Release|Any CPU = Release|Any CPU
	EndGlobalSection
	GlobalSection(ProjectConfigurationPlatforms) = postSolution
		{883D3022-8AE9-A170-1BF5-C8503A7D5165}.Debug|Any CPU.ActiveCfg = Debug|Any CPU
		{883D3022-8AE9-A170-1BF5-C8503A7D5165}.Debug|Any CPU.Build.0 = Debug|Any CPU
		{883D3022-8AE9-A170-1BF5-C8503A7D5165}.Release|Any CPU.ActiveCfg = Release|Any CPU
		{883D3022-8AE9-A170-1BF5-C8503A7D5165}.Release|Any CPU.Build.0 = Release|Any CPU
	EndGlobalSection
	GlobalSection(SolutionProperties) = preSolution
		HideSolutionNode = FALSE
	EndGlobalSection
EndGlobal
